
Microsoft Visual Studio Solution File, Format Version 12.00
# Visual Studio Version 17
VisualStudioVersion = 17.10.34916.146
MinimumVisualStudioVersion = 10.0.40219.1
Project("{FAE04EC0-301F-11D3-BF4B-00C04F79EFBC}") = "MnogoLibAPI", "MnogoLibAPI\MnogoLibAPI.csproj", "{926D6B45-E0AF-4EF7-9336-60390018A700}"
EndProject
Project("{FAE04EC0-301F-11D3-BF4B-00C04F79EFBC}") = "DataAccess", "DataAccess\DataAccess.csproj", "{918B13B4-67F8-4613-9AF8-88BF06260F51}"
EndProject
Project("{FAE04EC0-301F-11D3-BF4B-00C04F79EFBC}") = "Domain", "Domain\Domain.csproj", "{DAE977B9-BC7C-4DA4-AFE5-DD787B340161}"
EndProject
Project("{FAE04EC0-301F-11D3-BF4B-00C04F79EFBC}") = "BusinessLogic", "BusinessLogic\BusinessLogic.csproj", "{BC1A95B1-5816-4E3C-9E85-0BB7C4BB8D14}"
EndProject
Global
	GlobalSection(SolutionConfigurationPlatforms) = preSolution
		Debug|Any CPU = Debug|Any CPU
		Release|Any CPU = Release|Any CPU
	EndGlobalSection
	GlobalSection(ProjectConfigurationPlatforms) = postSolution
		{926D6B45-E0AF-4EF7-9336-60390018A700}.Debug|Any CPU.ActiveCfg = Debug|Any CPU
		{926D6B45-E0AF-4EF7-9336-60390018A700}.Debug|Any CPU.Build.0 = Debug|Any CPU
		{926D6B45-E0AF-4EF7-9336-60390018A700}.Release|Any CPU.ActiveCfg = Release|Any CPU
		{926D6B45-E0AF-4EF7-9336-60390018A700}.Release|Any CPU.Build.0 = Release|Any CPU
		{918B13B4-67F8-4613-9AF8-88BF06260F51}.Debug|Any CPU.ActiveCfg = Debug|Any CPU
		{918B13B4-67F8-4613-9AF8-88BF06260F51}.Debug|Any CPU.Build.0 = Debug|Any CPU
		{918B13B4-67F8-4613-9AF8-88BF06260F51}.Release|Any CPU.ActiveCfg = Release|Any CPU
		{918B13B4-67F8-4613-9AF8-88BF06260F51}.Release|Any CPU.Build.0 = Release|Any CPU
		{DAE977B9-BC7C-4DA4-AFE5-DD787B340161}.Debug|Any CPU.ActiveCfg = Debug|Any CPU
		{DAE977B9-BC7C-4DA4-AFE5-DD787B340161}.Debug|Any CPU.Build.0 = Debug|Any CPU
		{DAE977B9-BC7C-4DA4-AFE5-DD787B340161}.Release|Any CPU.ActiveCfg = Release|Any CPU
		{DAE977B9-BC7C-4DA4-AFE5-DD787B340161}.Release|Any CPU.Build.0 = Release|Any CPU
		{BC1A95B1-5816-4E3C-9E85-0BB7C4BB8D14}.Debug|Any CPU.ActiveCfg = Debug|Any CPU
		{BC1A95B1-5816-4E3C-9E85-0BB7C4BB8D14}.Debug|Any CPU.Build.0 = Debug|Any CPU
		{BC1A95B1-5816-4E3C-9E85-0BB7C4BB8D14}.Release|Any CPU.ActiveCfg = Release|Any CPU
		{BC1A95B1-5816-4E3C-9E85-0BB7C4BB8D14}.Release|Any CPU.Build.0 = Release|Any CPU
	EndGlobalSection
	GlobalSection(SolutionProperties) = preSolution
		HideSolutionNode = FALSE
	EndGlobalSection
	GlobalSection(ExtensibilityGlobals) = postSolution
		SolutionGuid = {E27FD998-1A64-48FB-A0FA-8979514C1BC8}
	EndGlobalSection
EndGlobal
